// !$*UTF8*$!
{
	archiveVersion = 1;
	classes = {
	};
	objectVersion = 50;
	objects = {

/* Begin PBXBuildFile section */
		465B50F92498C4E100C17CD1 /* AppDelegate.swift in Sources */ = {isa = PBXBuildFile; fileRef = 465B50F82498C4E100C17CD1 /* AppDelegate.swift */; };
		465B50FB2498C4E100C17CD1 /* SceneDelegate.swift in Sources */ = {isa = PBXBuildFile; fileRef = 465B50FA2498C4E100C17CD1 /* SceneDelegate.swift */; };
		465B50FD2498C4E100C17CD1 /* ViewController.swift in Sources */ = {isa = PBXBuildFile; fileRef = 465B50FC2498C4E100C17CD1 /* ViewController.swift */; };
		465B51002498C4E100C17CD1 /* Main.storyboard in Resources */ = {isa = PBXBuildFile; fileRef = 465B50FE2498C4E100C17CD1 /* Main.storyboard */; };
		465B51022498C4E400C17CD1 /* Assets.xcassets in Resources */ = {isa = PBXBuildFile; fileRef = 465B51012498C4E400C17CD1 /* Assets.xcassets */; };
		465B51052498C4E400C17CD1 /* LaunchScreen.storyboard in Resources */ = {isa = PBXBuildFile; fileRef = 465B51032498C4E400C17CD1 /* LaunchScreen.storyboard */; };
		465B510D2498C50300C17CD1 /* appstore.json in Resources */ = {isa = PBXBuildFile; fileRef = 465B510C2498C50300C17CD1 /* appstore.json */; };
		465B510F2498C5AD00C17CD1 /* Bundle-Decodable.swift in Sources */ = {isa = PBXBuildFile; fileRef = 465B510E2498C5AD00C17CD1 /* Bundle-Decodable.swift */; };
		465B51112498C66E00C17CD1 /* App.swift in Sources */ = {isa = PBXBuildFile; fileRef = 465B51102498C66E00C17CD1 /* App.swift */; };
		465B51132498C6A600C17CD1 /* Section.swift in Sources */ = {isa = PBXBuildFile; fileRef = 465B51122498C6A600C17CD1 /* Section.swift */; };
		465B51152498C79500C17CD1 /* SelfConfiguringCell.swift in Sources */ = {isa = PBXBuildFile; fileRef = 465B51142498C79500C17CD1 /* SelfConfiguringCell.swift */; };
		465B51172498C81100C17CD1 /* FeaturedCell.swift in Sources */ = {isa = PBXBuildFile; fileRef = 465B51162498C81100C17CD1 /* FeaturedCell.swift */; };
		465B51192498CEE400C17CD1 /* MediumTableCell.swift in Sources */ = {isa = PBXBuildFile; fileRef = 465B51182498CEE400C17CD1 /* MediumTableCell.swift */; };
		465B511B2498D10000C17CD1 /* SmallTableCell.swift in Sources */ = {isa = PBXBuildFile; fileRef = 465B511A2498D10000C17CD1 /* SmallTableCell.swift */; };
		465B511F2498D7FE00C17CD1 /* SectionHeader.swift in Sources */ = {isa = PBXBuildFile; fileRef = 465B511E2498D7FE00C17CD1 /* SectionHeader.swift */; };
/* End PBXBuildFile section */

/* Begin PBXFileReference section */
		465B50F52498C4E100C17CD1 /* LikeAppStore.app */ = {isa = PBXFileReference; explicitFileType = wrapper.application; includeInIndex = 0; path = LikeAppStore.app; sourceTree = BUILT_PRODUCTS_DIR; };
		465B50F82498C4E100C17CD1 /* AppDelegate.swift */ = {isa = PBXFileReference; lastKnownFileType = sourcecode.swift; path = AppDelegate.swift; sourceTree = "<group>"; };
		465B50FA2498C4E100C17CD1 /* SceneDelegate.swift */ = {isa = PBXFileReference; lastKnownFileType = sourcecode.swift; path = SceneDelegate.swift; sourceTree = "<group>"; };
		465B50FC2498C4E100C17CD1 /* ViewController.swift */ = {isa = PBXFileReference; lastKnownFileType = sourcecode.swift; path = ViewController.swift; sourceTree = "<group>"; };
		465B50FF2498C4E100C17CD1 /* Base */ = {isa = PBXFileReference; lastKnownFileType = file.storyboard; name = Base; path = Base.lproj/Main.storyboard; sourceTree = "<group>"; };
		465B51012498C4E400C17CD1 /* Assets.xcassets */ = {isa = PBXFileReference; lastKnownFileType = folder.assetcatalog; path = Assets.xcassets; sourceTree = "<group>"; };
		465B51042498C4E400C17CD1 /* Base */ = {isa = PBXFileReference; lastKnownFileType = file.storyboard; name = Base; path = Base.lproj/LaunchScreen.storyboard; sourceTree = "<group>"; };
		465B51062498C4E400C17CD1 /* Info.plist */ = {isa = PBXFileReference; lastKnownFileType = text.plist.xml; path = Info.plist; sourceTree = "<group>"; };
		465B510C2498C50300C17CD1 /* appstore.json */ = {isa = PBXFileReference; fileEncoding = 4; lastKnownFileType = text.json; path = appstore.json; sourceTree = "<group>"; };
		465B510E2498C5AD00C17CD1 /* Bundle-Decodable.swift */ = {isa = PBXFileReference; lastKnownFileType = sourcecode.swift; path = "Bundle-Decodable.swift"; sourceTree = "<group>"; };
		465B51102498C66E00C17CD1 /* App.swift */ = {isa = PBXFileReference; lastKnownFileType = sourcecode.swift; path = App.swift; sourceTree = "<group>"; };
		465B51122498C6A600C17CD1 /* Section.swift */ = {isa = PBXFileReference; lastKnownFileType = sourcecode.swift; path = Section.swift; sourceTree = "<group>"; };
		465B51142498C79500C17CD1 /* SelfConfiguringCell.swift */ = {isa = PBXFileReference; lastKnownFileType = sourcecode.swift; path = SelfConfiguringCell.swift; sourceTree = "<group>"; };
		465B51162498C81100C17CD1 /* FeaturedCell.swift */ = {isa = PBXFileReference; lastKnownFileType = sourcecode.swift; path = FeaturedCell.swift; sourceTree = "<group>"; };
		465B51182498CEE400C17CD1 /* MediumTableCell.swift */ = {isa = PBXFileReference; lastKnownFileType = sourcecode.swift; path = MediumTableCell.swift; sourceTree = "<group>"; };
		465B511A2498D10000C17CD1 /* SmallTableCell.swift */ = {isa = PBXFileReference; lastKnownFileType = sourcecode.swift; path = SmallTableCell.swift; sourceTree = "<group>"; };
		465B511E2498D7FE00C17CD1 /* SectionHeader.swift */ = {isa = PBXFileReference; lastKnownFileType = sourcecode.swift; path = SectionHeader.swift; sourceTree = "<group>"; };
/* End PBXFileReference section */

/* Begin PBXFrameworksBuildPhase section */
		465B50F22498C4E100C17CD1 /* Frameworks */ = {
			isa = PBXFrameworksBuildPhase;
			buildActionMask = 2147483647;
			files = (
			);
			runOnlyForDeploymentPostprocessing = 0;
		};
/* End PBXFrameworksBuildPhase section */

/* Begin PBXGroup section */
		465B50EC2498C4E100C17CD1 = {
			isa = PBXGroup;
			children = (
				465B50F72498C4E100C17CD1 /* LikeAppStore */,
				465B50F62498C4E100C17CD1 /* Products */,
			);
			sourceTree = "<group>";
		};
		465B50F62498C4E100C17CD1 /* Products */ = {
			isa = PBXGroup;
			children = (
				465B50F52498C4E100C17CD1 /* LikeAppStore.app */,
			);
			name = Products;
			sourceTree = "<group>";
		};
		465B50F72498C4E100C17CD1 /* LikeAppStore */ = {
			isa = PBXGroup;
			children = (
				465B50F82498C4E100C17CD1 /* AppDelegate.swift */,
				465B50FA2498C4E100C17CD1 /* SceneDelegate.swift */,
				465B50FC2498C4E100C17CD1 /* ViewController.swift */,
				465B50FE2498C4E100C17CD1 /* Main.storyboard */,
				465B51012498C4E400C17CD1 /* Assets.xcassets */,
				465B51032498C4E400C17CD1 /* LaunchScreen.storyboard */,
				465B51062498C4E400C17CD1 /* Info.plist */,
				465B510C2498C50300C17CD1 /* appstore.json */,
				465B510E2498C5AD00C17CD1 /* Bundle-Decodable.swift */,
				465B51102498C66E00C17CD1 /* App.swift */,
				465B51122498C6A600C17CD1 /* Section.swift */,
				465B51142498C79500C17CD1 /* SelfConfiguringCell.swift */,
				465B51162498C81100C17CD1 /* FeaturedCell.swift */,
				465B51182498CEE400C17CD1 /* MediumTableCell.swift */,
				465B511E2498D7FE00C17CD1 /* SectionHeader.swift */,
				465B511A2498D10000C17CD1 /* SmallTableCell.swift */,
			);
			path = LikeAppStore;
			sourceTree = "<group>";
		};
/* End PBXGroup section */

/* Begin PBXNativeTarget section */
		465B50F42498C4E100C17CD1 /* LikeAppStore */ = {
			isa = PBXNativeTarget;
			buildConfigurationList = 465B51092498C4E400C17CD1 /* Build configuration list for PBXNativeTarget "LikeAppStore" */;
			buildPhases = (
				465B50F12498C4E100C17CD1 /* Sources */,
				465B50F22498C4E100C17CD1 /* Frameworks */,
				465B50F32498C4E100C17CD1 /* Resources */,
			);
			buildRules = (
			);
			dependencies = (
			);
			name = LikeAppStore;
			productName = LikeAppStore;
			productReference = 465B50F52498C4E100C17CD1 /* LikeAppStore.app */;
			productType = "com.apple.product-type.application";
		};
/* End PBXNativeTarget section */

/* Begin PBXProject section */
		465B50ED2498C4E100C17CD1 /* Project object */ = {
			isa = PBXProject;
			attributes = {
				LastSwiftUpdateCheck = 1150;
				LastUpgradeCheck = 1150;
				ORGANIZATIONNAME = "Murat Baykor";
				TargetAttributes = {
					465B50F42498C4E100C17CD1 = {
						CreatedOnToolsVersion = 11.5;
					};
				};
			};
			buildConfigurationList = 465B50F02498C4E100C17CD1 /* Build configuration list for PBXProject "LikeAppStore" */;
			compatibilityVersion = "Xcode 9.3";
			developmentRegion = en;
			hasScannedForEncodings = 0;
			knownRegions = (
				en,
				Base,
			);
			mainGroup = 465B50EC2498C4E100C17CD1;
			productRefGroup = 465B50F62498C4E100C17CD1 /* Products */;
			projectDirPath = "";
			projectRoot = "";
			targets = (
				465B50F42498C4E100C17CD1 /* LikeAppStore */,
			);
		};
/* End PBXProject section */

/* Begin PBXResourcesBuildPhase section */
		465B50F32498C4E100C17CD1 /* Resources */ = {
			isa = PBXResourcesBuildPhase;
			buildActionMask = 2147483647;
			files = (
				465B51052498C4E400C17CD1 /* LaunchScreen.storyboard in Resources */,
				465B51022498C4E400C17CD1 /* Assets.xcassets in Resources */,
				465B51002498C4E100C17CD1 /* Main.storyboard in Resources */,
				465B510D2498C50300C17CD1 /* appstore.json in Resources */,
			);
			runOnlyForDeploymentPostprocessing = 0;
		};
/* End PBXResourcesBuildPhase section */

/* Begin PBXSourcesBuildPhase section */
		465B50F12498C4E100C17CD1 /* Sources */ = {
			isa = PBXSourcesBuildPhase;
			buildActionMask = 2147483647;
			files = (
				465B51192498CEE400C17CD1 /* MediumTableCell.swift in Sources */,
				465B51152498C79500C17CD1 /* SelfConfiguringCell.swift in Sources */,
				465B511B2498D10000C17CD1 /* SmallTableCell.swift in Sources */,
				465B50FD2498C4E100C17CD1 /* ViewController.swift in Sources */,
				465B50F92498C4E100C17CD1 /* AppDelegate.swift in Sources */,
				465B50FB2498C4E100C17CD1 /* SceneDelegate.swift in Sources */,
				465B51132498C6A600C17CD1 /* Section.swift in Sources */,
				465B51172498C81100C17CD1 /* FeaturedCell.swift in Sources */,
				465B511F2498D7FE00C17CD1 /* SectionHeader.swift in Sources */,
				465B51112498C66E00C17CD1 /* App.swift in Sources */,
				465B510F2498C5AD00C17CD1 /* Bundle-Decodable.swift in Sources */,
			);
			runOnlyForDeploymentPostprocessing = 0;
		};
/* End PBXSourcesBuildPhase section */

/* Begin PBXVariantGroup section */
		465B50FE2498C4E100C17CD1 /* Main.storyboard */ = {
			isa = PBXVariantGroup;
			children = (
				465B50FF2498C4E100C17CD1 /* Base */,
			);
			name = Main.storyboard;
			sourceTree = "<group>";
		};
		465B51032498C4E400C17CD1 /* LaunchScreen.storyboard */ = {
			isa = PBXVariantGroup;
			children = (
				465B51042498C4E400C17CD1 /* Base */,
			);
			name = LaunchScreen.storyboard;
			sourceTree = "<group>";
		};
/* End PBXVariantGroup section */

/* Begin XCBuildConfiguration section */
		465B51072498C4E400C17CD1 /* Debug */ = {
			isa = XCBuildConfiguration;
			buildSettings = {
				ALWAYS_SEARCH_USER_PATHS = NO;
				CLANG_ANALYZER_NONNULL = YES;
				CLANG_ANALYZER_NUMBER_OBJECT_CONVERSION = YES_AGGRESSIVE;
				CLANG_CXX_LANGUAGE_STANDARD = "gnu++14";
				CLANG_CXX_LIBRARY = "libc++";
				CLANG_ENABLE_MODULES = YES;
				CLANG_ENABLE_OBJC_ARC = YES;
				CLANG_ENABLE_OBJC_WEAK = YES;
				CLANG_WARN_BLOCK_CAPTURE_AUTORELEASING = YES;
				CLANG_WARN_BOOL_CONVERSION = YES;
				CLANG_WARN_COMMA = YES;
				CLANG_WARN_CONSTANT_CONVERSION = YES;
				CLANG_WARN_DEPRECATED_OBJC_IMPLEMENTATIONS = YES;
				CLANG_WARN_DIRECT_OBJC_ISA_USAGE = YES_ERROR;
				CLANG_WARN_DOCUMENTATION_COMMENTS = YES;
				CLANG_WARN_EMPTY_BODY = YES;
				CLANG_WARN_ENUM_CONVERSION = YES;
				CLANG_WARN_INFINITE_RECURSION = YES;
				CLANG_WARN_INT_CONVERSION = YES;
				CLANG_WARN_NON_LITERAL_NULL_CONVERSION = YES;
				CLANG_WARN_OBJC_IMPLICIT_RETAIN_SELF = YES;
				CLANG_WARN_OBJC_LITERAL_CONVERSION = YES;
				CLANG_WARN_OBJC_ROOT_CLASS = YES_ERROR;
				CLANG_WARN_RANGE_LOOP_ANALYSIS = YES;
				CLANG_WARN_STRICT_PROTOTYPES = YES;
				CLANG_WARN_SUSPICIOUS_MOVE = YES;
				CLANG_WARN_UNGUARDED_AVAILABILITY = YES_AGGRESSIVE;
				CLANG_WARN_UNREACHABLE_CODE = YES;
				CLANG_WARN__DUPLICATE_METHOD_MATCH = YES;
				COPY_PHASE_STRIP = NO;
				DEBUG_INFORMATION_FORMAT = dwarf;
				ENABLE_STRICT_OBJC_MSGSEND = YES;
				ENABLE_TESTABILITY = YES;
				GCC_C_LANGUAGE_STANDARD = gnu11;
				GCC_DYNAMIC_NO_PIC = NO;
				GCC_NO_COMMON_BLOCKS = YES;
				GCC_OPTIMIZATION_LEVEL = 0;
				GCC_PREPROCESSOR_DEFINITIONS = (
					"DEBUG=1",
					"$(inherited)",
				);
				GCC_WARN_64_TO_32_BIT_CONVERSION = YES;
				GCC_WARN_ABOUT_RETURN_TYPE = YES_ERROR;
				GCC_WARN_UNDECLARED_SELECTOR = YES;
				GCC_WARN_UNINITIALIZED_AUTOS = YES_AGGRESSIVE;
				GCC_WARN_UNUSED_FUNCTION = YES;
				GCC_WARN_UNUSED_VARIABLE = YES;
				IPHONEOS_DEPLOYMENT_TARGET = 13.5;
				MTL_ENABLE_DEBUG_INFO = INCLUDE_SOURCE;
				MTL_FAST_MATH = YES;
				ONLY_ACTIVE_ARCH = YES;
				SDKROOT = iphoneos;
				SWIFT_ACTIVE_COMPILATION_CONDITIONS = DEBUG;
				SWIFT_OPTIMIZATION_LEVEL = "-Onone";
			};
			name = Debug;
		};
		465B51082498C4E400C17CD1 /* Release */ = {
			isa = XCBuildConfiguration;
			buildSettings = {
				ALWAYS_SEARCH_USER_PATHS = NO;
				CLANG_ANALYZER_NONNULL = YES;
				CLANG_ANALYZER_NUMBER_OBJECT_CONVERSION = YES_AGGRESSIVE;
				CLANG_CXX_LANGUAGE_STANDARD = "gnu++14";
				CLANG_CXX_LIBRARY = "libc++";
				CLANG_ENABLE_MODULES = YES;
				CLANG_ENABLE_OBJC_ARC = YES;
				CLANG_ENABLE_OBJC_WEAK = YES;
				CLANG_WARN_BLOCK_CAPTURE_AUTORELEASING = YES;
				CLANG_WARN_BOOL_CONVERSION = YES;
				CLANG_WARN_COMMA = YES;
				CLANG_WARN_CONSTANT_CONVERSION = YES;
				CLANG_WARN_DEPRECATED_OBJC_IMPLEMENTATIONS = YES;
				CLANG_WARN_DIRECT_OBJC_ISA_USAGE = YES_ERROR;
				CLANG_WARN_DOCUMENTATION_COMMENTS = YES;
				CLANG_WARN_EMPTY_BODY = YES;
				CLANG_WARN_ENUM_CONVERSION = YES;
				CLANG_WARN_INFINITE_RECURSION = YES;
				CLANG_WARN_INT_CONVERSION = YES;
				CLANG_WARN_NON_LITERAL_NULL_CONVERSION = YES;
				CLANG_WARN_OBJC_IMPLICIT_RETAIN_SELF = YES;
				CLANG_WARN_OBJC_LITERAL_CONVERSION = YES;
				CLANG_WARN_OBJC_ROOT_CLASS = YES_ERROR;
				CLANG_WARN_RANGE_LOOP_ANALYSIS = YES;
				CLANG_WARN_STRICT_PROTOTYPES = YES;
				CLANG_WARN_SUSPICIOUS_MOVE = YES;
				CLANG_WARN_UNGUARDED_AVAILABILITY = YES_AGGRESSIVE;
				CLANG_WARN_UNREACHABLE_CODE = YES;
				CLANG_WARN__DUPLICATE_METHOD_MATCH = YES;
				COPY_PHASE_STRIP = NO;
				DEBUG_INFORMATION_FORMAT = "dwarf-with-dsym";
				ENABLE_NS_ASSERTIONS = NO;
				ENABLE_STRICT_OBJC_MSGSEND = YES;
				GCC_C_LANGUAGE_STANDARD = gnu11;
				GCC_NO_COMMON_BLOCKS = YES;
				GCC_WARN_64_TO_32_BIT_CONVERSION = YES;
				GCC_WARN_ABOUT_RETURN_TYPE = YES_ERROR;
				GCC_WARN_UNDECLARED_SELECTOR = YES;
				GCC_WARN_UNINITIALIZED_AUTOS = YES_AGGRESSIVE;
				GCC_WARN_UNUSED_FUNCTION = YES;
				GCC_WARN_UNUSED_VARIABLE = YES;
				IPHONEOS_DEPLOYMENT_TARGET = 13.5;
				MTL_ENABLE_DEBUG_INFO = NO;
				MTL_FAST_MATH = YES;
				SDKROOT = iphoneos;
				SWIFT_COMPILATION_MODE = wholemodule;
				SWIFT_OPTIMIZATION_LEVEL = "-O";
				VALIDATE_PRODUCT = YES;
			};
			name = Release;
		};
		465B510A2498C4E400C17CD1 /* Debug */ = {
			isa = XCBuildConfiguration;
			buildSettings = {
				ASSETCATALOG_COMPILER_APPICON_NAME = AppIcon;
				CODE_SIGN_STYLE = Automatic;
				DEVELOPMENT_TEAM = 3FP28BF586;
				INFOPLIST_FILE = LikeAppStore/Info.plist;
				LD_RUNPATH_SEARCH_PATHS = (
					"$(inherited)",
					"@executable_path/Frameworks",
				);
				PRODUCT_BUNDLE_IDENTIFIER = com.foytingo.LikeAppStore;
				PRODUCT_NAME = "$(TARGET_NAME)";
				SWIFT_VERSION = 5.0;
				TARGETED_DEVICE_FAMILY = "1,2";
			};
			name = Debug;
		};
		465B510B2498C4E400C17CD1 /* Release */ = {
			isa = XCBuildConfiguration;
			buildSettings = {
				ASSETCATALOG_COMPILER_APPICON_NAME = AppIcon;
				CODE_SIGN_STYLE = Automatic;
				DEVELOPMENT_TEAM = 3FP28BF586;
				INFOPLIST_FILE = LikeAppStore/Info.plist;
				LD_RUNPATH_SEARCH_PATHS = (
					"$(inherited)",
					"@executable_path/Frameworks",
				);
				PRODUCT_BUNDLE_IDENTIFIER = com.foytingo.LikeAppStore;
				PRODUCT_NAME = "$(TARGET_NAME)";
				SWIFT_VERSION = 5.0;
				TARGETED_DEVICE_FAMILY = "1,2";
			};
			name = Release;
		};
/* End XCBuildConfiguration section */

/* Begin XCConfigurationList section */
		465B50F02498C4E100C17CD1 /* Build configuration list for PBXProject "LikeAppStore" */ = {
			isa = XCConfigurationList;
			buildConfigurations = (
				465B51072498C4E400C17CD1 /* Debug */,
				465B51082498C4E400C17CD1 /* Release */,
			);
			defaultConfigurationIsVisible = 0;
			defaultConfigurationName = Release;
		};
		465B51092498C4E400C17CD1 /* Build configuration list for PBXNativeTarget "LikeAppStore" */ = {
			isa = XCConfigurationList;
			buildConfigurations = (
				465B510A2498C4E400C17CD1 /* Debug */,
				465B510B2498C4E400C17CD1 /* Release */,
			);
			defaultConfigurationIsVisible = 0;
			defaultConfigurationName = Release;
		};
/* End XCConfigurationList section */
	};
	rootObject = 465B50ED2498C4E100C17CD1 /* Project object */;
}
